// !$*UTF8*$!
{
	archiveVersion = 1;
	classes = {
	};
	objectVersion = 56;
	objects = {

/* Begin PBXBuildFile section */
		6E967F162B2584D500420C54 /* AppDelegate.swift in Sources */ = {isa = PBXBuildFile; fileRef = 6E967F152B2584D500420C54 /* AppDelegate.swift */; };
		6E967F182B2584D500420C54 /* SceneDelegate.swift in Sources */ = {isa = PBXBuildFile; fileRef = 6E967F172B2584D500420C54 /* SceneDelegate.swift */; };
		6E967F1A2B2584D500420C54 /* ViewController.swift in Sources */ = {isa = PBXBuildFile; fileRef = 6E967F192B2584D500420C54 /* ViewController.swift */; };
		6E967F1D2B2584D500420C54 /* Main.storyboard in Resources */ = {isa = PBXBuildFile; fileRef = 6E967F1B2B2584D500420C54 /* Main.storyboard */; };
		6E967F1F2B2584D800420C54 /* Assets.xcassets in Resources */ = {isa = PBXBuildFile; fileRef = 6E967F1E2B2584D800420C54 /* Assets.xcassets */; };
		6E967F222B2584D800420C54 /* LaunchScreen.storyboard in Resources */ = {isa = PBXBuildFile; fileRef = 6E967F202B2584D800420C54 /* LaunchScreen.storyboard */; };
		6E967F2D2B2584D800420C54 /* NetworkingTemplateTests.swift in Sources */ = {isa = PBXBuildFile; fileRef = 6E967F2C2B2584D800420C54 /* NetworkingTemplateTests.swift */; };
		6E967F372B2584D800420C54 /* NetworkingTemplateUITests.swift in Sources */ = {isa = PBXBuildFile; fileRef = 6E967F362B2584D800420C54 /* NetworkingTemplateUITests.swift */; };
		6E967F392B2584D800420C54 /* NetworkingTemplateUITestsLaunchTests.swift in Sources */ = {isa = PBXBuildFile; fileRef = 6E967F382B2584D800420C54 /* NetworkingTemplateUITestsLaunchTests.swift */; };
		6E967F462B2584F700420C54 /* URLRequestBuilder.swift in Sources */ = {isa = PBXBuildFile; fileRef = 6E967F452B2584F700420C54 /* URLRequestBuilder.swift */; };
/* End PBXBuildFile section */

/* Begin PBXContainerItemProxy section */
		6E967F292B2584D800420C54 /* PBXContainerItemProxy */ = {
			isa = PBXContainerItemProxy;
			containerPortal = 6E967F0A2B2584D500420C54 /* Project object */;
			proxyType = 1;
			remoteGlobalIDString = 6E967F112B2584D500420C54;
			remoteInfo = NetworkingTemplate;
		};
		6E967F332B2584D800420C54 /* PBXContainerItemProxy */ = {
			isa = PBXContainerItemProxy;
			containerPortal = 6E967F0A2B2584D500420C54 /* Project object */;
			proxyType = 1;
			remoteGlobalIDString = 6E967F112B2584D500420C54;
			remoteInfo = NetworkingTemplate;
		};
/* End PBXContainerItemProxy section */

/* Begin PBXFileReference section */
		6E967F122B2584D500420C54 /* NetworkingTemplate.app */ = {isa = PBXFileReference; explicitFileType = wrapper.application; includeInIndex = 0; path = NetworkingTemplate.app; sourceTree = BUILT_PRODUCTS_DIR; };
		6E967F152B2584D500420C54 /* AppDelegate.swift */ = {isa = PBXFileReference; lastKnownFileType = sourcecode.swift; path = AppDelegate.swift; sourceTree = "<group>"; };
		6E967F172B2584D500420C54 /* SceneDelegate.swift */ = {isa = PBXFileReference; lastKnownFileType = sourcecode.swift; path = SceneDelegate.swift; sourceTree = "<group>"; };
		6E967F192B2584D500420C54 /* ViewController.swift */ = {isa = PBXFileReference; lastKnownFileType = sourcecode.swift; path = ViewController.swift; sourceTree = "<group>"; };
		6E967F1C2B2584D500420C54 /* Base */ = {isa = PBXFileReference; lastKnownFileType = file.storyboard; name = Base; path = Base.lproj/Main.storyboard; sourceTree = "<group>"; };
		6E967F1E2B2584D800420C54 /* Assets.xcassets */ = {isa = PBXFileReference; lastKnownFileType = folder.assetcatalog; path = Assets.xcassets; sourceTree = "<group>"; };
		6E967F212B2584D800420C54 /* Base */ = {isa = PBXFileReference; lastKnownFileType = file.storyboard; name = Base; path = Base.lproj/LaunchScreen.storyboard; sourceTree = "<group>"; };
		6E967F232B2584D800420C54 /* Info.plist */ = {isa = PBXFileReference; lastKnownFileType = text.plist.xml; path = Info.plist; sourceTree = "<group>"; };
		6E967F282B2584D800420C54 /* NetworkingTemplateTests.xctest */ = {isa = PBXFileReference; explicitFileType = wrapper.cfbundle; includeInIndex = 0; path = NetworkingTemplateTests.xctest; sourceTree = BUILT_PRODUCTS_DIR; };
		6E967F2C2B2584D800420C54 /* NetworkingTemplateTests.swift */ = {isa = PBXFileReference; lastKnownFileType = sourcecode.swift; path = NetworkingTemplateTests.swift; sourceTree = "<group>"; };
		6E967F322B2584D800420C54 /* NetworkingTemplateUITests.xctest */ = {isa = PBXFileReference; explicitFileType = wrapper.cfbundle; includeInIndex = 0; path = NetworkingTemplateUITests.xctest; sourceTree = BUILT_PRODUCTS_DIR; };
		6E967F362B2584D800420C54 /* NetworkingTemplateUITests.swift */ = {isa = PBXFileReference; lastKnownFileType = sourcecode.swift; path = NetworkingTemplateUITests.swift; sourceTree = "<group>"; };
		6E967F382B2584D800420C54 /* NetworkingTemplateUITestsLaunchTests.swift */ = {isa = PBXFileReference; lastKnownFileType = sourcecode.swift; path = NetworkingTemplateUITestsLaunchTests.swift; sourceTree = "<group>"; };
		6E967F452B2584F700420C54 /* URLRequestBuilder.swift */ = {isa = PBXFileReference; lastKnownFileType = sourcecode.swift; path = URLRequestBuilder.swift; sourceTree = "<group>"; };
/* End PBXFileReference section */

/* Begin PBXFrameworksBuildPhase section */
		6E967F0F2B2584D500420C54 /* Frameworks */ = {
			isa = PBXFrameworksBuildPhase;
			buildActionMask = 2147483647;
			files = (
			);
			runOnlyForDeploymentPostprocessing = 0;
		};
		6E967F252B2584D800420C54 /* Frameworks */ = {
			isa = PBXFrameworksBuildPhase;
			buildActionMask = 2147483647;
			files = (
			);
			runOnlyForDeploymentPostprocessing = 0;
		};
		6E967F2F2B2584D800420C54 /* Frameworks */ = {
			isa = PBXFrameworksBuildPhase;
			buildActionMask = 2147483647;
			files = (
			);
			runOnlyForDeploymentPostprocessing = 0;
		};
/* End PBXFrameworksBuildPhase section */

/* Begin PBXGroup section */
		6E967F092B2584D500420C54 = {
			isa = PBXGroup;
			children = (
				6E967F142B2584D500420C54 /* NetworkingTemplate */,
				6E967F2B2B2584D800420C54 /* NetworkingTemplateTests */,
				6E967F352B2584D800420C54 /* NetworkingTemplateUITests */,
				6E967F132B2584D500420C54 /* Products */,
			);
			sourceTree = "<group>";
		};
		6E967F132B2584D500420C54 /* Products */ = {
			isa = PBXGroup;
			children = (
				6E967F122B2584D500420C54 /* NetworkingTemplate.app */,
				6E967F282B2584D800420C54 /* NetworkingTemplateTests.xctest */,
				6E967F322B2584D800420C54 /* NetworkingTemplateUITests.xctest */,
			);
			name = Products;
			sourceTree = "<group>";
		};
		6E967F142B2584D500420C54 /* NetworkingTemplate */ = {
			isa = PBXGroup;
			children = (
				6E967F152B2584D500420C54 /* AppDelegate.swift */,
				6E967F172B2584D500420C54 /* SceneDelegate.swift */,
				6E967F192B2584D500420C54 /* ViewController.swift */,
				6E967F452B2584F700420C54 /* URLRequestBuilder.swift */,
				6E967F1B2B2584D500420C54 /* Main.storyboard */,
				6E967F1E2B2584D800420C54 /* Assets.xcassets */,
				6E967F202B2584D800420C54 /* LaunchScreen.storyboard */,
				6E967F232B2584D800420C54 /* Info.plist */,
			);
			path = NetworkingTemplate;
			sourceTree = "<group>";
		};
		6E967F2B2B2584D800420C54 /* NetworkingTemplateTests */ = {
			isa = PBXGroup;
			children = (
				6E967F2C2B2584D800420C54 /* NetworkingTemplateTests.swift */,
			);
			path = NetworkingTemplateTests;
			sourceTree = "<group>";
		};
		6E967F352B2584D800420C54 /* NetworkingTemplateUITests */ = {
			isa = PBXGroup;
			children = (
				6E967F362B2584D800420C54 /* NetworkingTemplateUITests.swift */,
				6E967F382B2584D800420C54 /* NetworkingTemplateUITestsLaunchTests.swift */,
			);
			path = NetworkingTemplateUITests;
			sourceTree = "<group>";
		};
/* End PBXGroup section */

/* Begin PBXNativeTarget section */
		6E967F112B2584D500420C54 /* NetworkingTemplate */ = {
			isa = PBXNativeTarget;
			buildConfigurationList = 6E967F3C2B2584D800420C54 /* Build configuration list for PBXNativeTarget "NetworkingTemplate" */;
			buildPhases = (
				6E967F0E2B2584D500420C54 /* Sources */,
				6E967F0F2B2584D500420C54 /* Frameworks */,
				6E967F102B2584D500420C54 /* Resources */,
			);
			buildRules = (
			);
			dependencies = (
			);
			name = NetworkingTemplate;
			productName = NetworkingTemplate;
			productReference = 6E967F122B2584D500420C54 /* NetworkingTemplate.app */;
			productType = "com.apple.product-type.application";
		};
		6E967F272B2584D800420C54 /* NetworkingTemplateTests */ = {
			isa = PBXNativeTarget;
			buildConfigurationList = 6E967F3F2B2584D800420C54 /* Build configuration list for PBXNativeTarget "NetworkingTemplateTests" */;
			buildPhases = (
				6E967F242B2584D800420C54 /* Sources */,
				6E967F252B2584D800420C54 /* Frameworks */,
				6E967F262B2584D800420C54 /* Resources */,
			);
			buildRules = (
			);
			dependencies = (
				6E967F2A2B2584D800420C54 /* PBXTargetDependency */,
			);
			name = NetworkingTemplateTests;
			productName = NetworkingTemplateTests;
			productReference = 6E967F282B2584D800420C54 /* NetworkingTemplateTests.xctest */;
			productType = "com.apple.product-type.bundle.unit-test";
		};
		6E967F312B2584D800420C54 /* NetworkingTemplateUITests */ = {
			isa = PBXNativeTarget;
			buildConfigurationList = 6E967F422B2584D800420C54 /* Build configuration list for PBXNativeTarget "NetworkingTemplateUITests" */;
			buildPhases = (
				6E967F2E2B2584D800420C54 /* Sources */,
				6E967F2F2B2584D800420C54 /* Frameworks */,
				6E967F302B2584D800420C54 /* Resources */,
			);
			buildRules = (
			);
			dependencies = (
				6E967F342B2584D800420C54 /* PBXTargetDependency */,
			);
			name = NetworkingTemplateUITests;
			productName = NetworkingTemplateUITests;
			productReference = 6E967F322B2584D800420C54 /* NetworkingTemplateUITests.xctest */;
			productType = "com.apple.product-type.bundle.ui-testing";
		};
/* End PBXNativeTarget section */

/* Begin PBXProject section */
		6E967F0A2B2584D500420C54 /* Project object */ = {
			isa = PBXProject;
			attributes = {
				BuildIndependentTargetsInParallel = 1;
				LastSwiftUpdateCheck = 1430;
				LastUpgradeCheck = 1430;
				TargetAttributes = {
					6E967F112B2584D500420C54 = {
						CreatedOnToolsVersion = 14.3;
					};
					6E967F272B2584D800420C54 = {
						CreatedOnToolsVersion = 14.3;
						TestTargetID = 6E967F112B2584D500420C54;
					};
					6E967F312B2584D800420C54 = {
						CreatedOnToolsVersion = 14.3;
						TestTargetID = 6E967F112B2584D500420C54;
					};
				};
			};
			buildConfigurationList = 6E967F0D2B2584D500420C54 /* Build configuration list for PBXProject "NetworkingTemplate" */;
			compatibilityVersion = "Xcode 14.0";
			developmentRegion = en;
			hasScannedForEncodings = 0;
			knownRegions = (
				en,
				Base,
			);
			mainGroup = 6E967F092B2584D500420C54;
			productRefGroup = 6E967F132B2584D500420C54 /* Products */;
			projectDirPath = "";
			projectRoot = "";
			targets = (
				6E967F112B2584D500420C54 /* NetworkingTemplate */,
				6E967F272B2584D800420C54 /* NetworkingTemplateTests */,
				6E967F312B2584D800420C54 /* NetworkingTemplateUITests */,
			);
		};
/* End PBXProject section */

/* Begin PBXResourcesBuildPhase section */
		6E967F102B2584D500420C54 /* Resources */ = {
			isa = PBXResourcesBuildPhase;
			buildActionMask = 2147483647;
			files = (
				6E967F222B2584D800420C54 /* LaunchScreen.storyboard in Resources */,
				6E967F1F2B2584D800420C54 /* Assets.xcassets in Resources */,
				6E967F1D2B2584D500420C54 /* Main.storyboard in Resources */,
			);
			runOnlyForDeploymentPostprocessing = 0;
		};
		6E967F262B2584D800420C54 /* Resources */ = {
			isa = PBXResourcesBuildPhase;
			buildActionMask = 2147483647;
			files = (
			);
			runOnlyForDeploymentPostprocessing = 0;
		};
		6E967F302B2584D800420C54 /* Resources */ = {
			isa = PBXResourcesBuildPhase;
			buildActionMask = 2147483647;
			files = (
			);
			runOnlyForDeploymentPostprocessing = 0;
		};
/* End PBXResourcesBuildPhase section */

/* Begin PBXSourcesBuildPhase section */
		6E967F0E2B2584D500420C54 /* Sources */ = {
			isa = PBXSourcesBuildPhase;
			buildActionMask = 2147483647;
			files = (
				6E967F1A2B2584D500420C54 /* ViewController.swift in Sources */,
				6E967F462B2584F700420C54 /* URLRequestBuilder.swift in Sources */,
				6E967F162B2584D500420C54 /* AppDelegate.swift in Sources */,
				6E967F182B2584D500420C54 /* SceneDelegate.swift in Sources */,
			);
			runOnlyForDeploymentPostprocessing = 0;
		};
		6E967F242B2584D800420C54 /* Sources */ = {
			isa = PBXSourcesBuildPhase;
			buildActionMask = 2147483647;
			files = (
				6E967F2D2B2584D800420C54 /* NetworkingTemplateTests.swift in Sources */,
			);
			runOnlyForDeploymentPostprocessing = 0;
		};
		6E967F2E2B2584D800420C54 /* Sources */ = {
			isa = PBXSourcesBuildPhase;
			buildActionMask = 2147483647;
			files = (
				6E967F392B2584D800420C54 /* NetworkingTemplateUITestsLaunchTests.swift in Sources */,
				6E967F372B2584D800420C54 /* NetworkingTemplateUITests.swift in Sources */,
			);
			runOnlyForDeploymentPostprocessing = 0;
		};
/* End PBXSourcesBuildPhase section */

/* Begin PBXTargetDependency section */
		6E967F2A2B2584D800420C54 /* PBXTargetDependency */ = {
			isa = PBXTargetDependency;
			target = 6E967F112B2584D500420C54 /* NetworkingTemplate */;
			targetProxy = 6E967F292B2584D800420C54 /* PBXContainerItemProxy */;
		};
		6E967F342B2584D800420C54 /* PBXTargetDependency */ = {
			isa = PBXTargetDependency;
			target = 6E967F112B2584D500420C54 /* NetworkingTemplate */;
			targetProxy = 6E967F332B2584D800420C54 /* PBXContainerItemProxy */;
		};
/* End PBXTargetDependency section */

/* Begin PBXVariantGroup section */
		6E967F1B2B2584D500420C54 /* Main.storyboard */ = {
			isa = PBXVariantGroup;
			children = (
				6E967F1C2B2584D500420C54 /* Base */,
			);
			name = Main.storyboard;
			sourceTree = "<group>";
		};
		6E967F202B2584D800420C54 /* LaunchScreen.storyboard */ = {
			isa = PBXVariantGroup;
			children = (
				6E967F212B2584D800420C54 /* Base */,
			);
			name = LaunchScreen.storyboard;
			sourceTree = "<group>";
		};
/* End PBXVariantGroup section */

/* Begin XCBuildConfiguration section */
		6E967F3A2B2584D800420C54 /* Debug */ = {
			isa = XCBuildConfiguration;
			buildSettings = {
				ALWAYS_SEARCH_USER_PATHS = NO;
				CLANG_ANALYZER_NONNULL = YES;
				CLANG_ANALYZER_NUMBER_OBJECT_CONVERSION = YES_AGGRESSIVE;
				CLANG_CXX_LANGUAGE_STANDARD = "gnu++20";
				CLANG_ENABLE_MODULES = YES;
				CLANG_ENABLE_OBJC_ARC = YES;
				CLANG_ENABLE_OBJC_WEAK = YES;
				CLANG_WARN_BLOCK_CAPTURE_AUTORELEASING = YES;
				CLANG_WARN_BOOL_CONVERSION = YES;
				CLANG_WARN_COMMA = YES;
				CLANG_WARN_CONSTANT_CONVERSION = YES;
				CLANG_WARN_DEPRECATED_OBJC_IMPLEMENTATIONS = YES;
				CLANG_WARN_DIRECT_OBJC_ISA_USAGE = YES_ERROR;
				CLANG_WARN_DOCUMENTATION_COMMENTS = YES;
				CLANG_WARN_EMPTY_BODY = YES;
				CLANG_WARN_ENUM_CONVERSION = YES;
				CLANG_WARN_INFINITE_RECURSION = YES;
				CLANG_WARN_INT_CONVERSION = YES;
				CLANG_WARN_NON_LITERAL_NULL_CONVERSION = YES;
				CLANG_WARN_OBJC_IMPLICIT_RETAIN_SELF = YES;
				CLANG_WARN_OBJC_LITERAL_CONVERSION = YES;
				CLANG_WARN_OBJC_ROOT_CLASS = YES_ERROR;
				CLANG_WARN_QUOTED_INCLUDE_IN_FRAMEWORK_HEADER = YES;
				CLANG_WARN_RANGE_LOOP_ANALYSIS = YES;
				CLANG_WARN_STRICT_PROTOTYPES = YES;
				CLANG_WARN_SUSPICIOUS_MOVE = YES;
				CLANG_WARN_UNGUARDED_AVAILABILITY = YES_AGGRESSIVE;
				CLANG_WARN_UNREACHABLE_CODE = YES;
				CLANG_WARN__DUPLICATE_METHOD_MATCH = YES;
				COPY_PHASE_STRIP = NO;
				DEBUG_INFORMATION_FORMAT = dwarf;
				ENABLE_STRICT_OBJC_MSGSEND = YES;
				ENABLE_TESTABILITY = YES;
				GCC_C_LANGUAGE_STANDARD = gnu11;
				GCC_DYNAMIC_NO_PIC = NO;
				GCC_NO_COMMON_BLOCKS = YES;
				GCC_OPTIMIZATION_LEVEL = 0;
				GCC_PREPROCESSOR_DEFINITIONS = (
					"DEBUG=1",
					"$(inherited)",
				);
				GCC_WARN_64_TO_32_BIT_CONVERSION = YES;
				GCC_WARN_ABOUT_RETURN_TYPE = YES_ERROR;
				GCC_WARN_UNDECLARED_SELECTOR = YES;
				GCC_WARN_UNINITIALIZED_AUTOS = YES_AGGRESSIVE;
				GCC_WARN_UNUSED_FUNCTION = YES;
				GCC_WARN_UNUSED_VARIABLE = YES;
				IPHONEOS_DEPLOYMENT_TARGET = 16.4;
				MTL_ENABLE_DEBUG_INFO = INCLUDE_SOURCE;
				MTL_FAST_MATH = YES;
				ONLY_ACTIVE_ARCH = YES;
				SDKROOT = iphoneos;
				SWIFT_ACTIVE_COMPILATION_CONDITIONS = DEBUG;
				SWIFT_OPTIMIZATION_LEVEL = "-Onone";
			};
			name = Debug;
		};
		6E967F3B2B2584D800420C54 /* Release */ = {
			isa = XCBuildConfiguration;
			buildSettings = {
				ALWAYS_SEARCH_USER_PATHS = NO;
				CLANG_ANALYZER_NONNULL = YES;
				CLANG_ANALYZER_NUMBER_OBJECT_CONVERSION = YES_AGGRESSIVE;
				CLANG_CXX_LANGUAGE_STANDARD = "gnu++20";
				CLANG_ENABLE_MODULES = YES;
				CLANG_ENABLE_OBJC_ARC = YES;
				CLANG_ENABLE_OBJC_WEAK = YES;
				CLANG_WARN_BLOCK_CAPTURE_AUTORELEASING = YES;
				CLANG_WARN_BOOL_CONVERSION = YES;
				CLANG_WARN_COMMA = YES;
				CLANG_WARN_CONSTANT_CONVERSION = YES;
				CLANG_WARN_DEPRECATED_OBJC_IMPLEMENTATIONS = YES;
				CLANG_WARN_DIRECT_OBJC_ISA_USAGE = YES_ERROR;
				CLANG_WARN_DOCUMENTATION_COMMENTS = YES;
				CLANG_WARN_EMPTY_BODY = YES;
				CLANG_WARN_ENUM_CONVERSION = YES;
				CLANG_WARN_INFINITE_RECURSION = YES;
				CLANG_WARN_INT_CONVERSION = YES;
				CLANG_WARN_NON_LITERAL_NULL_CONVERSION = YES;
				CLANG_WARN_OBJC_IMPLICIT_RETAIN_SELF = YES;
				CLANG_WARN_OBJC_LITERAL_CONVERSION = YES;
				CLANG_WARN_OBJC_ROOT_CLASS = YES_ERROR;
				CLANG_WARN_QUOTED_INCLUDE_IN_FRAMEWORK_HEADER = YES;
				CLANG_WARN_RANGE_LOOP_ANALYSIS = YES;
				CLANG_WARN_STRICT_PROTOTYPES = YES;
				CLANG_WARN_SUSPICIOUS_MOVE = YES;
				CLANG_WARN_UNGUARDED_AVAILABILITY = YES_AGGRESSIVE;
				CLANG_WARN_UNREACHABLE_CODE = YES;
				CLANG_WARN__DUPLICATE_METHOD_MATCH = YES;
				COPY_PHASE_STRIP = NO;
				DEBUG_INFORMATION_FORMAT = "dwarf-with-dsym";
				ENABLE_NS_ASSERTIONS = NO;
				ENABLE_STRICT_OBJC_MSGSEND = YES;
				GCC_C_LANGUAGE_STANDARD = gnu11;
				GCC_NO_COMMON_BLOCKS = YES;
				GCC_WARN_64_TO_32_BIT_CONVERSION = YES;
				GCC_WARN_ABOUT_RETURN_TYPE = YES_ERROR;
				GCC_WARN_UNDECLARED_SELECTOR = YES;
				GCC_WARN_UNINITIALIZED_AUTOS = YES_AGGRESSIVE;
				GCC_WARN_UNUSED_FUNCTION = YES;
				GCC_WARN_UNUSED_VARIABLE = YES;
				IPHONEOS_DEPLOYMENT_TARGET = 16.4;
				MTL_ENABLE_DEBUG_INFO = NO;
				MTL_FAST_MATH = YES;
				SDKROOT = iphoneos;
				SWIFT_COMPILATION_MODE = wholemodule;
				SWIFT_OPTIMIZATION_LEVEL = "-O";
				VALIDATE_PRODUCT = YES;
			};
			name = Release;
		};
		6E967F3D2B2584D800420C54 /* Debug */ = {
			isa = XCBuildConfiguration;
			buildSettings = {
				ASSETCATALOG_COMPILER_APPICON_NAME = AppIcon;
				ASSETCATALOG_COMPILER_GLOBAL_ACCENT_COLOR_NAME = AccentColor;
				CODE_SIGN_STYLE = Automatic;
				CURRENT_PROJECT_VERSION = 1;
				DEVELOPMENT_TEAM = RLD2Z6D224;
				GENERATE_INFOPLIST_FILE = YES;
				INFOPLIST_FILE = NetworkingTemplate/Info.plist;
				INFOPLIST_KEY_UIApplicationSupportsIndirectInputEvents = YES;
				INFOPLIST_KEY_UILaunchStoryboardName = LaunchScreen;
				INFOPLIST_KEY_UIMainStoryboardFile = Main;
				INFOPLIST_KEY_UISupportedInterfaceOrientations_iPad = "UIInterfaceOrientationPortrait UIInterfaceOrientationPortraitUpsideDown UIInterfaceOrientationLandscapeLeft UIInterfaceOrientationLandscapeRight";
				INFOPLIST_KEY_UISupportedInterfaceOrientations_iPhone = "UIInterfaceOrientationPortrait UIInterfaceOrientationLandscapeLeft UIInterfaceOrientationLandscapeRight";
				LD_RUNPATH_SEARCH_PATHS = (
					"$(inherited)",
					"@executable_path/Frameworks",
				);
				MARKETING_VERSION = 1.0;
				PRODUCT_BUNDLE_IDENTIFIER = com.NetworkingTemplate;
				PRODUCT_NAME = "$(TARGET_NAME)";
				SWIFT_EMIT_LOC_STRINGS = YES;
				SWIFT_VERSION = 5.0;
				TARGETED_DEVICE_FAMILY = "1,2";
			};
			name = Debug;
		};
		6E967F3E2B2584D800420C54 /* Release */ = {
			isa = XCBuildConfiguration;
			buildSettings = {
				ASSETCATALOG_COMPILER_APPICON_NAME = AppIcon;
				ASSETCATALOG_COMPILER_GLOBAL_ACCENT_COLOR_NAME = AccentColor;
				CODE_SIGN_STYLE = Automatic;
				CURRENT_PROJECT_VERSION = 1;
				DEVELOPMENT_TEAM = RLD2Z6D224;
				GENERATE_INFOPLIST_FILE = YES;
				INFOPLIST_FILE = NetworkingTemplate/Info.plist;
				INFOPLIST_KEY_UIApplicationSupportsIndirectInputEvents = YES;
				INFOPLIST_KEY_UILaunchStoryboardName = LaunchScreen;
				INFOPLIST_KEY_UIMainStoryboardFile = Main;
				INFOPLIST_KEY_UISupportedInterfaceOrientations_iPad = "UIInterfaceOrientationPortrait UIInterfaceOrientationPortraitUpsideDown UIInterfaceOrientationLandscapeLeft UIInterfaceOrientationLandscapeRight";
				INFOPLIST_KEY_UISupportedInterfaceOrientations_iPhone = "UIInterfaceOrientationPortrait UIInterfaceOrientationLandscapeLeft UIInterfaceOrientationLandscapeRight";
				LD_RUNPATH_SEARCH_PATHS = (
					"$(inherited)",
					"@executable_path/Frameworks",
				);
				MARKETING_VERSION = 1.0;
				PRODUCT_BUNDLE_IDENTIFIER = com.NetworkingTemplate;
				PRODUCT_NAME = "$(TARGET_NAME)";
				SWIFT_EMIT_LOC_STRINGS = YES;
				SWIFT_VERSION = 5.0;
				TARGETED_DEVICE_FAMILY = "1,2";
			};
			name = Release;
		};
		6E967F402B2584D800420C54 /* Debug */ = {
			isa = XCBuildConfiguration;
			buildSettings = {
				ALWAYS_EMBED_SWIFT_STANDARD_LIBRARIES = YES;
				BUNDLE_LOADER = "$(TEST_HOST)";
				CODE_SIGN_STYLE = Automatic;
				CURRENT_PROJECT_VERSION = 1;
				DEVELOPMENT_TEAM = RLD2Z6D224;
				GENERATE_INFOPLIST_FILE = YES;
				IPHONEOS_DEPLOYMENT_TARGET = 16.4;
				MARKETING_VERSION = 1.0;
				PRODUCT_BUNDLE_IDENTIFIER = com.NetworkingTemplateTests;
				PRODUCT_NAME = "$(TARGET_NAME)";
				SWIFT_EMIT_LOC_STRINGS = NO;
				SWIFT_VERSION = 5.0;
				TARGETED_DEVICE_FAMILY = "1,2";
				TEST_HOST = "$(BUILT_PRODUCTS_DIR)/NetworkingTemplate.app/$(BUNDLE_EXECUTABLE_FOLDER_PATH)/NetworkingTemplate";
			};
			name = Debug;
		};
		6E967F412B2584D800420C54 /* Release */ = {
			isa = XCBuildConfiguration;
			buildSettings = {
				ALWAYS_EMBED_SWIFT_STANDARD_LIBRARIES = YES;
				BUNDLE_LOADER = "$(TEST_HOST)";
				CODE_SIGN_STYLE = Automatic;
				CURRENT_PROJECT_VERSION = 1;
				DEVELOPMENT_TEAM = RLD2Z6D224;
				GENERATE_INFOPLIST_FILE = YES;
				IPHONEOS_DEPLOYMENT_TARGET = 16.4;
				MARKETING_VERSION = 1.0;
				PRODUCT_BUNDLE_IDENTIFIER = com.NetworkingTemplateTests;
				PRODUCT_NAME = "$(TARGET_NAME)";
				SWIFT_EMIT_LOC_STRINGS = NO;
				SWIFT_VERSION = 5.0;
				TARGETED_DEVICE_FAMILY = "1,2";
				TEST_HOST = "$(BUILT_PRODUCTS_DIR)/NetworkingTemplate.app/$(BUNDLE_EXECUTABLE_FOLDER_PATH)/NetworkingTemplate";
			};
			name = Release;
		};
		6E967F432B2584D800420C54 /* Debug */ = {
			isa = XCBuildConfiguration;
			buildSettings = {
				ALWAYS_EMBED_SWIFT_STANDARD_LIBRARIES = YES;
				CODE_SIGN_STYLE = Automatic;
				CURRENT_PROJECT_VERSION = 1;
				DEVELOPMENT_TEAM = RLD2Z6D224;
				GENERATE_INFOPLIST_FILE = YES;
				MARKETING_VERSION = 1.0;
				PRODUCT_BUNDLE_IDENTIFIER = com.NetworkingTemplateUITests;
				PRODUCT_NAME = "$(TARGET_NAME)";
				SWIFT_EMIT_LOC_STRINGS = NO;
				SWIFT_VERSION = 5.0;
				TARGETED_DEVICE_FAMILY = "1,2";
				TEST_TARGET_NAME = NetworkingTemplate;
			};
			name = Debug;
		};
		6E967F442B2584D800420C54 /* Release */ = {
			isa = XCBuildConfiguration;
			buildSettings = {
				ALWAYS_EMBED_SWIFT_STANDARD_LIBRARIES = YES;
				CODE_SIGN_STYLE = Automatic;
				CURRENT_PROJECT_VERSION = 1;
				DEVELOPMENT_TEAM = RLD2Z6D224;
				GENERATE_INFOPLIST_FILE = YES;
				MARKETING_VERSION = 1.0;
				PRODUCT_BUNDLE_IDENTIFIER = com.NetworkingTemplateUITests;
				PRODUCT_NAME = "$(TARGET_NAME)";
				SWIFT_EMIT_LOC_STRINGS = NO;
				SWIFT_VERSION = 5.0;
				TARGETED_DEVICE_FAMILY = "1,2";
				TEST_TARGET_NAME = NetworkingTemplate;
			};
			name = Release;
		};
/* End XCBuildConfiguration section */

/* Begin XCConfigurationList section */
		6E967F0D2B2584D500420C54 /* Build configuration list for PBXProject "NetworkingTemplate" */ = {
			isa = XCConfigurationList;
			buildConfigurations = (
				6E967F3A2B2584D800420C54 /* Debug */,
				6E967F3B2B2584D800420C54 /* Release */,
			);
			defaultConfigurationIsVisible = 0;
			defaultConfigurationName = Release;
		};
		6E967F3C2B2584D800420C54 /* Build configuration list for PBXNativeTarget "NetworkingTemplate" */ = {
			isa = XCConfigurationList;
			buildConfigurations = (
				6E967F3D2B2584D800420C54 /* Debug */,
				6E967F3E2B2584D800420C54 /* Release */,
			);
			defaultConfigurationIsVisible = 0;
			defaultConfigurationName = Release;
		};
		6E967F3F2B2584D800420C54 /* Build configuration list for PBXNativeTarget "NetworkingTemplateTests" */ = {
			isa = XCConfigurationList;
			buildConfigurations = (
				6E967F402B2584D800420C54 /* Debug */,
				6E967F412B2584D800420C54 /* Release */,
			);
			defaultConfigurationIsVisible = 0;
			defaultConfigurationName = Release;
		};
		6E967F422B2584D800420C54 /* Build configuration list for PBXNativeTarget "NetworkingTemplateUITests" */ = {
			isa = XCConfigurationList;
			buildConfigurations = (
				6E967F432B2584D800420C54 /* Debug */,
				6E967F442B2584D800420C54 /* Release */,
			);
			defaultConfigurationIsVisible = 0;
			defaultConfigurationName = Release;
		};
/* End XCConfigurationList section */
	};
	rootObject = 6E967F0A2B2584D500420C54 /* Project object */;
}
